// !$*UTF8*$!
{
	archiveVersion = 1;
	classes = {
	};
	objectVersion = 48;
	objects = {

/* Begin PBXBuildFile section */
		277EFE3F1FB3D022001DD74D /* AppDelegate.swift in Sources */ = {isa = PBXBuildFile; fileRef = 277EFE3E1FB3D022001DD74D /* AppDelegate.swift */; };
		277EFE411FB3D022001DD74D /* ViewController.swift in Sources */ = {isa = PBXBuildFile; fileRef = 277EFE401FB3D022001DD74D /* ViewController.swift */; };
		277EFE461FB3D022001DD74D /* Assets.xcassets in Resources */ = {isa = PBXBuildFile; fileRef = 277EFE451FB3D022001DD74D /* Assets.xcassets */; };
		277EFE491FB3D022001DD74D /* LaunchScreen.storyboard in Resources */ = {isa = PBXBuildFile; fileRef = 277EFE471FB3D022001DD74D /* LaunchScreen.storyboard */; };
		277EFE541FB3D022001DD74D /* FoodTrackerTests.swift in Sources */ = {isa = PBXBuildFile; fileRef = 277EFE531FB3D022001DD74D /* FoodTrackerTests.swift */; };
		277EFE5F1FB3D022001DD74D /* FoodTrackerUITests.swift in Sources */ = {isa = PBXBuildFile; fileRef = 277EFE5E1FB3D022001DD74D /* FoodTrackerUITests.swift */; };
		277EFE6F1FB3DD89001DD74D /* Main.storyboard in Resources */ = {isa = PBXBuildFile; fileRef = 277EFE6E1FB3DD89001DD74D /* Main.storyboard */; };
		277EFE7C1FB3DF2B001DD74D /* MealViewController.swift in Sources */ = {isa = PBXBuildFile; fileRef = 277EFE7B1FB3DF2B001DD74D /* MealViewController.swift */; };
		277EFE7E1FB3DF73001DD74D /* RatingControl.swift in Sources */ = {isa = PBXBuildFile; fileRef = 277EFE7D1FB3DF73001DD74D /* RatingControl.swift */; };
		277EFE801FB3DF95001DD74D /* Meal.swift in Sources */ = {isa = PBXBuildFile; fileRef = 277EFE7F1FB3DF95001DD74D /* Meal.swift */; };
		277EFE821FB3DFB7001DD74D /* MealTableViewCell.swift in Sources */ = {isa = PBXBuildFile; fileRef = 277EFE811FB3DFB7001DD74D /* MealTableViewCell.swift */; };
		277EFE841FB3DFC8001DD74D /* MealTableViewController.swift in Sources */ = {isa = PBXBuildFile; fileRef = 277EFE831FB3DFC8001DD74D /* MealTableViewController.swift */; };
/* End PBXBuildFile section */

/* Begin PBXContainerItemProxy section */
		277EFE501FB3D022001DD74D /* PBXContainerItemProxy */ = {
			isa = PBXContainerItemProxy;
			containerPortal = 277EFE331FB3D022001DD74D /* Project object */;
			proxyType = 1;
			remoteGlobalIDString = 277EFE3A1FB3D022001DD74D;
			remoteInfo = FoodTracker;
		};
		277EFE5B1FB3D022001DD74D /* PBXContainerItemProxy */ = {
			isa = PBXContainerItemProxy;
			containerPortal = 277EFE331FB3D022001DD74D /* Project object */;
			proxyType = 1;
			remoteGlobalIDString = 277EFE3A1FB3D022001DD74D;
			remoteInfo = FoodTracker;
		};
/* End PBXContainerItemProxy section */

/* Begin PBXFileReference section */
		277EFE3B1FB3D022001DD74D /* FoodTracker.app */ = {isa = PBXFileReference; explicitFileType = wrapper.application; includeInIndex = 0; path = FoodTracker.app; sourceTree = BUILT_PRODUCTS_DIR; };
		277EFE3E1FB3D022001DD74D /* AppDelegate.swift */ = {isa = PBXFileReference; lastKnownFileType = sourcecode.swift; path = AppDelegate.swift; sourceTree = "<group>"; };
		277EFE401FB3D022001DD74D /* ViewController.swift */ = {isa = PBXFileReference; lastKnownFileType = sourcecode.swift; path = ViewController.swift; sourceTree = "<group>"; };
		277EFE451FB3D022001DD74D /* Assets.xcassets */ = {isa = PBXFileReference; lastKnownFileType = folder.assetcatalog; path = Assets.xcassets; sourceTree = "<group>"; };
		277EFE481FB3D022001DD74D /* Base */ = {isa = PBXFileReference; lastKnownFileType = file.storyboard; name = Base; path = Base.lproj/LaunchScreen.storyboard; sourceTree = "<group>"; };
		277EFE4A1FB3D022001DD74D /* Info.plist */ = {isa = PBXFileReference; lastKnownFileType = text.plist.xml; path = Info.plist; sourceTree = "<group>"; };
		277EFE4F1FB3D022001DD74D /* FoodTrackerTests.xctest */ = {isa = PBXFileReference; explicitFileType = wrapper.cfbundle; includeInIndex = 0; path = FoodTrackerTests.xctest; sourceTree = BUILT_PRODUCTS_DIR; };
		277EFE531FB3D022001DD74D /* FoodTrackerTests.swift */ = {isa = PBXFileReference; lastKnownFileType = sourcecode.swift; path = FoodTrackerTests.swift; sourceTree = "<group>"; };
		277EFE551FB3D022001DD74D /* Info.plist */ = {isa = PBXFileReference; lastKnownFileType = text.plist.xml; path = Info.plist; sourceTree = "<group>"; };
		277EFE5A1FB3D022001DD74D /* FoodTrackerUITests.xctest */ = {isa = PBXFileReference; explicitFileType = wrapper.cfbundle; includeInIndex = 0; path = FoodTrackerUITests.xctest; sourceTree = BUILT_PRODUCTS_DIR; };
		277EFE5E1FB3D022001DD74D /* FoodTrackerUITests.swift */ = {isa = PBXFileReference; lastKnownFileType = sourcecode.swift; path = FoodTrackerUITests.swift; sourceTree = "<group>"; };
		277EFE601FB3D022001DD74D /* Info.plist */ = {isa = PBXFileReference; lastKnownFileType = text.plist.xml; path = Info.plist; sourceTree = "<group>"; };
		277EFE6E1FB3DD89001DD74D /* Main.storyboard */ = {isa = PBXFileReference; fileEncoding = 4; lastKnownFileType = file.storyboard; path = Main.storyboard; sourceTree = SOURCE_ROOT; };
		277EFE7B1FB3DF2B001DD74D /* MealViewController.swift */ = {isa = PBXFileReference; lastKnownFileType = sourcecode.swift; path = MealViewController.swift; sourceTree = "<group>"; };
		277EFE7D1FB3DF73001DD74D /* RatingControl.swift */ = {isa = PBXFileReference; lastKnownFileType = sourcecode.swift; path = RatingControl.swift; sourceTree = "<group>"; };
		277EFE7F1FB3DF95001DD74D /* Meal.swift */ = {isa = PBXFileReference; lastKnownFileType = sourcecode.swift; path = Meal.swift; sourceTree = "<group>"; };
		277EFE811FB3DFB7001DD74D /* MealTableViewCell.swift */ = {isa = PBXFileReference; lastKnownFileType = sourcecode.swift; path = MealTableViewCell.swift; sourceTree = "<group>"; };
		277EFE831FB3DFC8001DD74D /* MealTableViewController.swift */ = {isa = PBXFileReference; lastKnownFileType = sourcecode.swift; path = MealTableViewController.swift; sourceTree = "<group>"; };
/* End PBXFileReference section */

/* Begin PBXFrameworksBuildPhase section */
		277EFE381FB3D022001DD74D /* Frameworks */ = {
			isa = PBXFrameworksBuildPhase;
			buildActionMask = 2147483647;
			files = (
			);
			runOnlyForDeploymentPostprocessing = 0;
		};
		277EFE4C1FB3D022001DD74D /* Frameworks */ = {
			isa = PBXFrameworksBuildPhase;
			buildActionMask = 2147483647;
			files = (
			);
			runOnlyForDeploymentPostprocessing = 0;
		};
		277EFE571FB3D022001DD74D /* Frameworks */ = {
			isa = PBXFrameworksBuildPhase;
			buildActionMask = 2147483647;
			files = (
			);
			runOnlyForDeploymentPostprocessing = 0;
		};
/* End PBXFrameworksBuildPhase section */

/* Begin PBXGroup section */
		277EFE321FB3D022001DD74D = {
			isa = PBXGroup;
			children = (
				277EFE7A1FB3DEEF001DD74D /* Controller */,
				277EFE3D1FB3D022001DD74D /* FoodTracker */,
				277EFE521FB3D022001DD74D /* FoodTrackerTests */,
				277EFE5D1FB3D022001DD74D /* FoodTrackerUITests */,
				277EFE3C1FB3D022001DD74D /* Products */,
			);
			sourceTree = "<group>";
		};
		277EFE3C1FB3D022001DD74D /* Products */ = {
			isa = PBXGroup;
			children = (
				277EFE3B1FB3D022001DD74D /* FoodTracker.app */,
				277EFE4F1FB3D022001DD74D /* FoodTrackerTests.xctest */,
				277EFE5A1FB3D022001DD74D /* FoodTrackerUITests.xctest */,
			);
			name = Products;
			sourceTree = "<group>";
		};
		277EFE3D1FB3D022001DD74D /* FoodTracker */ = {
			isa = PBXGroup;
			children = (
				277EFE3E1FB3D022001DD74D /* AppDelegate.swift */,
				277EFE401FB3D022001DD74D /* ViewController.swift */,
				277EFE451FB3D022001DD74D /* Assets.xcassets */,
				277EFE6E1FB3DD89001DD74D /* Main.storyboard */,
				277EFE471FB3D022001DD74D /* LaunchScreen.storyboard */,
				277EFE4A1FB3D022001DD74D /* Info.plist */,
			);
			path = FoodTracker;
			sourceTree = "<group>";
		};
		277EFE521FB3D022001DD74D /* FoodTrackerTests */ = {
			isa = PBXGroup;
			children = (
				277EFE531FB3D022001DD74D /* FoodTrackerTests.swift */,
				277EFE551FB3D022001DD74D /* Info.plist */,
			);
			path = FoodTrackerTests;
			sourceTree = "<group>";
		};
		277EFE5D1FB3D022001DD74D /* FoodTrackerUITests */ = {
			isa = PBXGroup;
			children = (
				277EFE5E1FB3D022001DD74D /* FoodTrackerUITests.swift */,
				277EFE601FB3D022001DD74D /* Info.plist */,
			);
			path = FoodTrackerUITests;
			sourceTree = "<group>";
		};
		277EFE7A1FB3DEEF001DD74D /* Controller */ = {
			isa = PBXGroup;
			children = (
				277EFE7B1FB3DF2B001DD74D /* MealViewController.swift */,
				277EFE7D1FB3DF73001DD74D /* RatingControl.swift */,
				277EFE7F1FB3DF95001DD74D /* Meal.swift */,
				277EFE811FB3DFB7001DD74D /* MealTableViewCell.swift */,
				277EFE831FB3DFC8001DD74D /* MealTableViewController.swift */,
			);
			path = Controller;
			sourceTree = "<group>";
		};
/* End PBXGroup section */

/* Begin PBXNativeTarget section */
		277EFE3A1FB3D022001DD74D /* FoodTracker */ = {
			isa = PBXNativeTarget;
			buildConfigurationList = 277EFE631FB3D022001DD74D /* Build configuration list for PBXNativeTarget "FoodTracker" */;
			buildPhases = (
				277EFE371FB3D022001DD74D /* Sources */,
				277EFE381FB3D022001DD74D /* Frameworks */,
				277EFE391FB3D022001DD74D /* Resources */,
			);
			buildRules = (
			);
			dependencies = (
			);
			name = FoodTracker;
			productName = FoodTracker;
			productReference = 277EFE3B1FB3D022001DD74D /* FoodTracker.app */;
			productType = "com.apple.product-type.application";
		};
		277EFE4E1FB3D022001DD74D /* FoodTrackerTests */ = {
			isa = PBXNativeTarget;
			buildConfigurationList = 277EFE661FB3D022001DD74D /* Build configuration list for PBXNativeTarget "FoodTrackerTests" */;
			buildPhases = (
				277EFE4B1FB3D022001DD74D /* Sources */,
				277EFE4C1FB3D022001DD74D /* Frameworks */,
				277EFE4D1FB3D022001DD74D /* Resources */,
			);
			buildRules = (
			);
			dependencies = (
				277EFE511FB3D022001DD74D /* PBXTargetDependency */,
			);
			name = FoodTrackerTests;
			productName = FoodTrackerTests;
			productReference = 277EFE4F1FB3D022001DD74D /* FoodTrackerTests.xctest */;
			productType = "com.apple.product-type.bundle.unit-test";
		};
		277EFE591FB3D022001DD74D /* FoodTrackerUITests */ = {
			isa = PBXNativeTarget;
			buildConfigurationList = 277EFE691FB3D022001DD74D /* Build configuration list for PBXNativeTarget "FoodTrackerUITests" */;
			buildPhases = (
				277EFE561FB3D022001DD74D /* Sources */,
				277EFE571FB3D022001DD74D /* Frameworks */,
				277EFE581FB3D022001DD74D /* Resources */,
			);
			buildRules = (
			);
			dependencies = (
				277EFE5C1FB3D022001DD74D /* PBXTargetDependency */,
			);
			name = FoodTrackerUITests;
			productName = FoodTrackerUITests;
			productReference = 277EFE5A1FB3D022001DD74D /* FoodTrackerUITests.xctest */;
			productType = "com.apple.product-type.bundle.ui-testing";
		};
/* End PBXNativeTarget section */

/* Begin PBXProject section */
		277EFE331FB3D022001DD74D /* Project object */ = {
			isa = PBXProject;
			attributes = {
				LastSwiftUpdateCheck = 0910;
				LastUpgradeCheck = 0910;
				ORGANIZATIONNAME = "chengen Zheng";
				TargetAttributes = {
					277EFE3A1FB3D022001DD74D = {
						CreatedOnToolsVersion = 9.1;
						ProvisioningStyle = Automatic;
					};
					277EFE4E1FB3D022001DD74D = {
						CreatedOnToolsVersion = 9.1;
						ProvisioningStyle = Automatic;
						TestTargetID = 277EFE3A1FB3D022001DD74D;
					};
					277EFE591FB3D022001DD74D = {
						CreatedOnToolsVersion = 9.1;
						ProvisioningStyle = Automatic;
						TestTargetID = 277EFE3A1FB3D022001DD74D;
					};
				};
			};
			buildConfigurationList = 277EFE361FB3D022001DD74D /* Build configuration list for PBXProject "FoodTracker" */;
			compatibilityVersion = "Xcode 8.0";
			developmentRegion = en;
			hasScannedForEncodings = 0;
			knownRegions = (
				en,
				Base,
			);
			mainGroup = 277EFE321FB3D022001DD74D;
			productRefGroup = 277EFE3C1FB3D022001DD74D /* Products */;
			projectDirPath = "";
			projectRoot = "";
			targets = (
				277EFE3A1FB3D022001DD74D /* FoodTracker */,
				277EFE4E1FB3D022001DD74D /* FoodTrackerTests */,
				277EFE591FB3D022001DD74D /* FoodTrackerUITests */,
			);
		};
/* End PBXProject section */

/* Begin PBXResourcesBuildPhase section */
		277EFE391FB3D022001DD74D /* Resources */ = {
			isa = PBXResourcesBuildPhase;
			buildActionMask = 2147483647;
			files = (
				277EFE6F1FB3DD89001DD74D /* Main.storyboard in Resources */,
				277EFE491FB3D022001DD74D /* LaunchScreen.storyboard in Resources */,
				277EFE461FB3D022001DD74D /* Assets.xcassets in Resources */,
			);
			runOnlyForDeploymentPostprocessing = 0;
		};
		277EFE4D1FB3D022001DD74D /* Resources */ = {
			isa = PBXResourcesBuildPhase;
			buildActionMask = 2147483647;
			files = (
			);
			runOnlyForDeploymentPostprocessing = 0;
		};
		277EFE581FB3D022001DD74D /* Resources */ = {
			isa = PBXResourcesBuildPhase;
			buildActionMask = 2147483647;
			files = (
			);
			runOnlyForDeploymentPostprocessing = 0;
		};
/* End PBXResourcesBuildPhase section */

/* Begin PBXSourcesBuildPhase section */
		277EFE371FB3D022001DD74D /* Sources */ = {
			isa = PBXSourcesBuildPhase;
			buildActionMask = 2147483647;
			files = (
				277EFE801FB3DF95001DD74D /* Meal.swift in Sources */,
				277EFE7E1FB3DF73001DD74D /* RatingControl.swift in Sources */,
				277EFE841FB3DFC8001DD74D /* MealTableViewController.swift in Sources */,
				277EFE821FB3DFB7001DD74D /* MealTableViewCell.swift in Sources */,
				277EFE411FB3D022001DD74D /* ViewController.swift in Sources */,
				277EFE3F1FB3D022001DD74D /* AppDelegate.swift in Sources */,
				277EFE7C1FB3DF2B001DD74D /* MealViewController.swift in Sources */,
			);
			runOnlyForDeploymentPostprocessing = 0;
		};
		277EFE4B1FB3D022001DD74D /* Sources */ = {
			isa = PBXSourcesBuildPhase;
			buildActionMask = 2147483647;
			files = (
				277EFE541FB3D022001DD74D /* FoodTrackerTests.swift in Sources */,
			);
			runOnlyForDeploymentPostprocessing = 0;
		};
		277EFE561FB3D022001DD74D /* Sources */ = {
			isa = PBXSourcesBuildPhase;
			buildActionMask = 2147483647;
			files = (
				277EFE5F1FB3D022001DD74D /* FoodTrackerUITests.swift in Sources */,
			);
			runOnlyForDeploymentPostprocessing = 0;
		};
/* End PBXSourcesBuildPhase section */

/* Begin PBXTargetDependency section */
		277EFE511FB3D022001DD74D /* PBXTargetDependency */ = {
			isa = PBXTargetDependency;
			target = 277EFE3A1FB3D022001DD74D /* FoodTracker */;
			targetProxy = 277EFE501FB3D022001DD74D /* PBXContainerItemProxy */;
		};
		277EFE5C1FB3D022001DD74D /* PBXTargetDependency */ = {
			isa = PBXTargetDependency;
			target = 277EFE3A1FB3D022001DD74D /* FoodTracker */;
			targetProxy = 277EFE5B1FB3D022001DD74D /* PBXContainerItemProxy */;
		};
/* End PBXTargetDependency section */

/* Begin PBXVariantGroup section */
		277EFE471FB3D022001DD74D /* LaunchScreen.storyboard */ = {
			isa = PBXVariantGroup;
			children = (
				277EFE481FB3D022001DD74D /* Base */,
			);
			name = LaunchScreen.storyboard;
			sourceTree = "<group>";
		};
/* End PBXVariantGroup section */

/* Begin XCBuildConfiguration section */
		277EFE611FB3D022001DD74D /* Debug */ = {
			isa = XCBuildConfiguration;
			buildSettings = {
				ALWAYS_SEARCH_USER_PATHS = NO;
				CLANG_ANALYZER_NONNULL = YES;
				CLANG_ANALYZER_NUMBER_OBJECT_CONVERSION = YES_AGGRESSIVE;
				CLANG_CXX_LANGUAGE_STANDARD = "gnu++14";
				CLANG_CXX_LIBRARY = "libc++";
				CLANG_ENABLE_MODULES = YES;
				CLANG_ENABLE_OBJC_ARC = YES;
				CLANG_WARN_BLOCK_CAPTURE_AUTORELEASING = YES;
				CLANG_WARN_BOOL_CONVERSION = YES;
				CLANG_WARN_COMMA = YES;
				CLANG_WARN_CONSTANT_CONVERSION = YES;
				CLANG_WARN_DIRECT_OBJC_ISA_USAGE = YES_ERROR;
				CLANG_WARN_DOCUMENTATION_COMMENTS = YES;
				CLANG_WARN_EMPTY_BODY = YES;
				CLANG_WARN_ENUM_CONVERSION = YES;
				CLANG_WARN_INFINITE_RECURSION = YES;
				CLANG_WARN_INT_CONVERSION = YES;
				CLANG_WARN_NON_LITERAL_NULL_CONVERSION = YES;
				CLANG_WARN_OBJC_LITERAL_CONVERSION = YES;
				CLANG_WARN_OBJC_ROOT_CLASS = YES_ERROR;
				CLANG_WARN_RANGE_LOOP_ANALYSIS = YES;
				CLANG_WARN_STRICT_PROTOTYPES = YES;
				CLANG_WARN_SUSPICIOUS_MOVE = YES;
				CLANG_WARN_UNGUARDED_AVAILABILITY = YES_AGGRESSIVE;
				CLANG_WARN_UNREACHABLE_CODE = YES;
				CLANG_WARN__DUPLICATE_METHOD_MATCH = YES;
				CODE_SIGN_IDENTITY = "iPhone Developer";
				COPY_PHASE_STRIP = NO;
				DEBUG_INFORMATION_FORMAT = dwarf;
				ENABLE_STRICT_OBJC_MSGSEND = YES;
				ENABLE_TESTABILITY = YES;
				GCC_C_LANGUAGE_STANDARD = gnu11;
				GCC_DYNAMIC_NO_PIC = NO;
				GCC_NO_COMMON_BLOCKS = YES;
				GCC_OPTIMIZATION_LEVEL = 0;
				GCC_PREPROCESSOR_DEFINITIONS = (
					"DEBUG=1",
					"$(inherited)",
				);
				GCC_WARN_64_TO_32_BIT_CONVERSION = YES;
				GCC_WARN_ABOUT_RETURN_TYPE = YES_ERROR;
				GCC_WARN_UNDECLARED_SELECTOR = YES;
				GCC_WARN_UNINITIALIZED_AUTOS = YES_AGGRESSIVE;
				GCC_WARN_UNUSED_FUNCTION = YES;
				GCC_WARN_UNUSED_VARIABLE = YES;
				IPHONEOS_DEPLOYMENT_TARGET = 11.1;
				MTL_ENABLE_DEBUG_INFO = YES;
				ONLY_ACTIVE_ARCH = YES;
				SDKROOT = iphoneos;
				SWIFT_ACTIVE_COMPILATION_CONDITIONS = DEBUG;
				SWIFT_OPTIMIZATION_LEVEL = "-Onone";
			};
			name = Debug;
		};
		277EFE621FB3D022001DD74D /* Release */ = {
			isa = XCBuildConfiguration;
			buildSettings = {
				ALWAYS_SEARCH_USER_PATHS = NO;
				CLANG_ANALYZER_NONNULL = YES;
				CLANG_ANALYZER_NUMBER_OBJECT_CONVERSION = YES_AGGRESSIVE;
				CLANG_CXX_LANGUAGE_STANDARD = "gnu++14";
				CLANG_CXX_LIBRARY = "libc++";
				CLANG_ENABLE_MODULES = YES;
				CLANG_ENABLE_OBJC_ARC = YES;
				CLANG_WARN_BLOCK_CAPTURE_AUTORELEASING = YES;
				CLANG_WARN_BOOL_CONVERSION = YES;
				CLANG_WARN_COMMA = YES;
				CLANG_WARN_CONSTANT_CONVERSION = YES;
				CLANG_WARN_DIRECT_OBJC_ISA_USAGE = YES_ERROR;
				CLANG_WARN_DOCUMENTATION_COMMENTS = YES;
				CLANG_WARN_EMPTY_BODY = YES;
				CLANG_WARN_ENUM_CONVERSION = YES;
				CLANG_WARN_INFINITE_RECURSION = YES;
				CLANG_WARN_INT_CONVERSION = YES;
				CLANG_WARN_NON_LITERAL_NULL_CONVERSION = YES;
				CLANG_WARN_OBJC_LITERAL_CONVERSION = YES;
				CLANG_WARN_OBJC_ROOT_CLASS = YES_ERROR;
				CLANG_WARN_RANGE_LOOP_ANALYSIS = YES;
				CLANG_WARN_STRICT_PROTOTYPES = YES;
				CLANG_WARN_SUSPICIOUS_MOVE = YES;
				CLANG_WARN_UNGUARDED_AVAILABILITY = YES_AGGRESSIVE;
				CLANG_WARN_UNREACHABLE_CODE = YES;
				CLANG_WARN__DUPLICATE_METHOD_MATCH = YES;
				CODE_SIGN_IDENTITY = "iPhone Developer";
				COPY_PHASE_STRIP = NO;
				DEBUG_INFORMATION_FORMAT = "dwarf-with-dsym";
				ENABLE_NS_ASSERTIONS = NO;
				ENABLE_STRICT_OBJC_MSGSEND = YES;
				GCC_C_LANGUAGE_STANDARD = gnu11;
				GCC_NO_COMMON_BLOCKS = YES;
				GCC_WARN_64_TO_32_BIT_CONVERSION = YES;
				GCC_WARN_ABOUT_RETURN_TYPE = YES_ERROR;
				GCC_WARN_UNDECLARED_SELECTOR = YES;
				GCC_WARN_UNINITIALIZED_AUTOS = YES_AGGRESSIVE;
				GCC_WARN_UNUSED_FUNCTION = YES;
				GCC_WARN_UNUSED_VARIABLE = YES;
				IPHONEOS_DEPLOYMENT_TARGET = 11.1;
				MTL_ENABLE_DEBUG_INFO = NO;
				SDKROOT = iphoneos;
				SWIFT_OPTIMIZATION_LEVEL = "-Owholemodule";
				VALIDATE_PRODUCT = YES;
			};
			name = Release;
		};
		277EFE641FB3D022001DD74D /* Debug */ = {
			isa = XCBuildConfiguration;
			buildSettings = {
				ASSETCATALOG_COMPILER_APPICON_NAME = AppIcon;
				CODE_SIGN_STYLE = Automatic;
				DEVELOPMENT_TEAM = FEW6T6TFJQ;
				INFOPLIST_FILE = FoodTracker/Info.plist;
				LD_RUNPATH_SEARCH_PATHS = "$(inherited) @executable_path/Frameworks";
				PRODUCT_BUNDLE_IDENTIFIER = "chengen-zheng.FoodTracker";
				PRODUCT_NAME = "$(TARGET_NAME)";
				SWIFT_VERSION = 4.0;
				TARGETED_DEVICE_FAMILY = "1,2";
			};
			name = Debug;
		};
		277EFE651FB3D022001DD74D /* Release */ = {
			isa = XCBuildConfiguration;
			buildSettings = {
				ASSETCATALOG_COMPILER_APPICON_NAME = AppIcon;
				CODE_SIGN_STYLE = Automatic;
				DEVELOPMENT_TEAM = FEW6T6TFJQ;
				INFOPLIST_FILE = FoodTracker/Info.plist;
				LD_RUNPATH_SEARCH_PATHS = "$(inherited) @executable_path/Frameworks";
				PRODUCT_BUNDLE_IDENTIFIER = "chengen-zheng.FoodTracker";
				PRODUCT_NAME = "$(TARGET_NAME)";
				SWIFT_VERSION = 4.0;
				TARGETED_DEVICE_FAMILY = "1,2";
			};
			name = Release;
		};
		277EFE671FB3D022001DD74D /* Debug */ = {
			isa = XCBuildConfiguration;
			buildSettings = {
				ALWAYS_EMBED_SWIFT_STANDARD_LIBRARIES = YES;
				BUNDLE_LOADER = "$(TEST_HOST)";
				CODE_SIGN_STYLE = Automatic;
				INFOPLIST_FILE = FoodTrackerTests/Info.plist;
				LD_RUNPATH_SEARCH_PATHS = "$(inherited) @executable_path/Frameworks @loader_path/Frameworks";
				PRODUCT_BUNDLE_IDENTIFIER = "chengen-zheng.FoodTrackerTests";
				PRODUCT_NAME = "$(TARGET_NAME)";
				SWIFT_VERSION = 4.0;
				TARGETED_DEVICE_FAMILY = "1,2";
				TEST_HOST = "$(BUILT_PRODUCTS_DIR)/FoodTracker.app/FoodTracker";
			};
			name = Debug;
		};
		277EFE681FB3D022001DD74D /* Release */ = {
			isa = XCBuildConfiguration;
			buildSettings = {
				ALWAYS_EMBED_SWIFT_STANDARD_LIBRARIES = YES;
				BUNDLE_LOADER = "$(TEST_HOST)";
				CODE_SIGN_STYLE = Automatic;
				INFOPLIST_FILE = FoodTrackerTests/Info.plist;
				LD_RUNPATH_SEARCH_PATHS = "$(inherited) @executable_path/Frameworks @loader_path/Frameworks";
				PRODUCT_BUNDLE_IDENTIFIER = "chengen-zheng.FoodTrackerTests";
				PRODUCT_NAME = "$(TARGET_NAME)";
				SWIFT_VERSION = 4.0;
				TARGETED_DEVICE_FAMILY = "1,2";
				TEST_HOST = "$(BUILT_PRODUCTS_DIR)/FoodTracker.app/FoodTracker";
			};
			name = Release;
		};
		277EFE6A1FB3D022001DD74D /* Debug */ = {
			isa = XCBuildConfiguration;
			buildSettings = {
				ALWAYS_EMBED_SWIFT_STANDARD_LIBRARIES = YES;
				CODE_SIGN_STYLE = Automatic;
				INFOPLIST_FILE = FoodTrackerUITests/Info.plist;
				LD_RUNPATH_SEARCH_PATHS = "$(inherited) @executable_path/Frameworks @loader_path/Frameworks";
				PRODUCT_BUNDLE_IDENTIFIER = "chengen-zheng.FoodTrackerUITests";
				PRODUCT_NAME = "$(TARGET_NAME)";
				SWIFT_VERSION = 4.0;
				TARGETED_DEVICE_FAMILY = "1,2";
				TEST_TARGET_NAME = FoodTracker;
			};
			name = Debug;
		};
		277EFE6B1FB3D022001DD74D /* Release */ = {
			isa = XCBuildConfiguration;
			buildSettings = {
				ALWAYS_EMBED_SWIFT_STANDARD_LIBRARIES = YES;
				CODE_SIGN_STYLE = Automatic;
				INFOPLIST_FILE = FoodTrackerUITests/Info.plist;
				LD_RUNPATH_SEARCH_PATHS = "$(inherited) @executable_path/Frameworks @loader_path/Frameworks";
				PRODUCT_BUNDLE_IDENTIFIER = "chengen-zheng.FoodTrackerUITests";
				PRODUCT_NAME = "$(TARGET_NAME)";
				SWIFT_VERSION = 4.0;
				TARGETED_DEVICE_FAMILY = "1,2";
				TEST_TARGET_NAME = FoodTracker;
			};
			name = Release;
		};
/* End XCBuildConfiguration section */

/* Begin XCConfigurationList section */
		277EFE361FB3D022001DD74D /* Build configuration list for PBXProject "FoodTracker" */ = {
			isa = XCConfigurationList;
			buildConfigurations = (
				277EFE611FB3D022001DD74D /* Debug */,
				277EFE621FB3D022001DD74D /* Release */,
			);
			defaultConfigurationIsVisible = 0;
			defaultConfigurationName = Release;
		};
		277EFE631FB3D022001DD74D /* Build configuration list for PBXNativeTarget "FoodTracker" */ = {
			isa = XCConfigurationList;
			buildConfigurations = (
				277EFE641FB3D022001DD74D /* Debug */,
				277EFE651FB3D022001DD74D /* Release */,
			);
			defaultConfigurationIsVisible = 0;
			defaultConfigurationName = Release;
		};
		277EFE661FB3D022001DD74D /* Build configuration list for PBXNativeTarget "FoodTrackerTests" */ = {
			isa = XCConfigurationList;
			buildConfigurations = (
				277EFE671FB3D022001DD74D /* Debug */,
				277EFE681FB3D022001DD74D /* Release */,
			);
			defaultConfigurationIsVisible = 0;
			defaultConfigurationName = Release;
		};
		277EFE691FB3D022001DD74D /* Build configuration list for PBXNativeTarget "FoodTrackerUITests" */ = {
			isa = XCConfigurationList;
			buildConfigurations = (
				277EFE6A1FB3D022001DD74D /* Debug */,
				277EFE6B1FB3D022001DD74D /* Release */,
			);
			defaultConfigurationIsVisible = 0;
			defaultConfigurationName = Release;
		};
/* End XCConfigurationList section */
	};
	rootObject = 277EFE331FB3D022001DD74D /* Project object */;
}
